
Microsoft Visual Studio Solution File, Format Version 12.00
# Visual Studio 14
VisualStudioVersion = 14.0.23107.0
MinimumVisualStudioVersion = 10.0.40219.1
Project("{FAE04EC0-301F-11D3-BF4B-00C04F79EFBC}") = "vizeFinal", "vizeFinal\vizeFinal.csproj", "{AA0E3696-7376-4CB1-BB14-A5A8E90D07F2}"
EndProject
Global
	GlobalSection(SolutionConfigurationPlatforms) = preSolution
		Debug|Any CPU = Debug|Any CPU
		Release|Any CPU = Release|Any CPU
	EndGlobalSection
	GlobalSection(ProjectConfigurationPlatforms) = postSolution
		{AA0E3696-7376-4CB1-BB14-A5A8E90D07F2}.Debug|Any CPU.ActiveCfg = Debug|Any CPU
		{AA0E3696-7376-4CB1-BB14-A5A8E90D07F2}.Debug|Any CPU.Build.0 = Debug|Any CPU
		{AA0E3696-7376-4CB1-BB14-A5A8E90D07F2}.Release|Any CPU.ActiveCfg = Release|Any CPU
		{AA0E3696-7376-4CB1-BB14-A5A8E90D07F2}.Release|Any CPU.Build.0 = Release|Any CPU
	EndGlobalSection
	GlobalSection(SolutionProperties) = preSolution
		HideSolutionNode = FALSE
	EndGlobalSection
EndGlobal
